
Microsoft Visual Studio Solution File, Format Version 12.00
# Visual Studio Version 17
VisualStudioVersion = 17.14.37027.9
MinimumVisualStudioVersion = 10.0.40219.1
Project("{8BC9CEB8-8B4A-11D0-8D11-00A0C91BC942}") = "MPI_hello", "MPI_hello.vcxproj", "{4FACCA67-5F51-4690-9EF5-2E94F7246992}"
EndProject
Project("{8BC9CEB8-8B4A-11D0-8D11-00A0C91BC942}") = "homework2", "..\homework2\homework2.vcxproj", "{7BEC6897-F26A-4CB6-96EC-1947F75FB71B}"
EndProject
Global
	GlobalSection(SolutionConfigurationPlatforms) = preSolution
		Debug|x64 = Debug|x64
		Debug|x86 = Debug|x86
		Release|x64 = Release|x64
		Release|x86 = Release|x86
	EndGlobalSection
	GlobalSection(ProjectConfigurationPlatforms) = postSolution
		{4FACCA67-5F51-4690-9EF5-2E94F7246992}.Debug|x64.ActiveCfg = Debug|x64
		{4FACCA67-5F51-4690-9EF5-2E94F7246992}.Debug|x64.Build.0 = Debug|x64
		{4FACCA67-5F51-4690-9EF5-2E94F7246992}.Debug|x86.ActiveCfg = Debug|Win32
		{4FACCA67-5F51-4690-9EF5-2E94F7246992}.Debug|x86.Build.0 = Debug|Win32
		{4FACCA67-5F51-4690-9EF5-2E94F7246992}.Release|x64.ActiveCfg = Release|x64
		{4FACCA67-5F51-4690-9EF5-2E94F7246992}.Release|x64.Build.0 = Release|x64
		{4FACCA67-5F51-4690-9EF5-2E94F7246992}.Release|x86.ActiveCfg = Release|Win32
		{4FACCA67-5F51-4690-9EF5-2E94F7246992}.Release|x86.Build.0 = Release|Win32
		{7BEC6897-F26A-4CB6-96EC-1947F75FB71B}.Debug|x64.ActiveCfg = Debug|x64
		{7BEC6897-F26A-4CB6-96EC-1947F75FB71B}.Debug|x64.Build.0 = Debug|x64
		{7BEC6897-F26A-4CB6-96EC-1947F75FB71B}.Debug|x86.ActiveCfg = Debug|Win32
		{7BEC6897-F26A-4CB6-96EC-1947F75FB71B}.Debug|x86.Build.0 = Debug|Win32
		{7BEC6897-F26A-4CB6-96EC-1947F75FB71B}.Release|x64.ActiveCfg = Release|x64
		{7BEC6897-F26A-4CB6-96EC-1947F75FB71B}.Release|x64.Build.0 = Release|x64
		{7BEC6897-F26A-4CB6-96EC-1947F75FB71B}.Release|x86.ActiveCfg = Release|Win32
		{7BEC6897-F26A-4CB6-96EC-1947F75FB71B}.Release|x86.Build.0 = Release|Win32
	EndGlobalSection
	GlobalSection(SolutionProperties) = preSolution
		HideSolutionNode = FALSE
	EndGlobalSection
	GlobalSection(ExtensibilityGlobals) = postSolution
		SolutionGuid = {1FD87645-B5D2-46B4-8A4A-F09FF833FB54}
	EndGlobalSection
EndGlobal
